
Microsoft Visual Studio Solution File, Format Version 12.00
# Visual Studio Version 17
VisualStudioVersion = 17.0.32126.317
MinimumVisualStudioVersion = 10.0.40219.1
Project("{9A19103F-16F7-4668-BE54-9A1E7A4F7556}") = "01 OOP1", "OOP1\01 OOP1.csproj", "{9808D10D-3012-4DCB-8BDC-3052B1174C58}"
EndProject
Project("{9A19103F-16F7-4668-BE54-9A1E7A4F7556}") = "02 Metoder", "Metoder\02 Metoder.csproj", "{227BA3F7-8E37-44C4-83CD-23C30B62FCF0}"
EndProject
Project("{9A19103F-16F7-4668-BE54-9A1E7A4F7556}") = "03 Properties1", "Properties1\03 Properties1.csproj", "{44367D09-188A-4125-A4BA-FD65DFB0885F}"
EndProject
Project("{9A19103F-16F7-4668-BE54-9A1E7A4F7556}") = "04 Demo", "Demo\04 Demo.csproj", "{9168A4A3-CB53-4FF6-8E0C-75F06C1CE389}"
EndProject
Project("{9A19103F-16F7-4668-BE54-9A1E7A4F7556}") = "05 ArraysCodeAlong", "ArraysCodeAlong\05 ArraysCodeAlong.csproj", "{9FF6B35B-269D-4BBC-B1B0-EB7DF52E7B7C}"
EndProject
Project("{9A19103F-16F7-4668-BE54-9A1E7A4F7556}") = "06 ListDemo", "ListDemo\06 ListDemo.csproj", "{64A6D3D1-E502-4AE6-A990-7024BBF9272F}"
EndProject
Project("{9A19103F-16F7-4668-BE54-9A1E7A4F7556}") = "07 Constructor", "Constructor\07 Constructor.csproj", "{DE848E3E-8BB9-4DF7-84C0-73B37C17308A}"
EndProject
Project("{9A19103F-16F7-4668-BE54-9A1E7A4F7556}") = "08 Inheritance", "Inheritance\08 Inheritance.csproj", "{ACC1E5CA-20E9-419B-962F-AA76E0FA4C0F}"
EndProject
Project("{9A19103F-16F7-4668-BE54-9A1E7A4F7556}") = "09 Inheritance2", "Inheritance2\09 Inheritance2.csproj", "{BCBBB1EA-D883-45B2-A324-D51C3D52B665}"
EndProject
Project("{9A19103F-16F7-4668-BE54-9A1E7A4F7556}") = "10 PolymorfismAbstractionInterface", "PolymorfismAbstractionInterface\10 PolymorfismAbstractionInterface.csproj", "{FE66371A-95A1-41E9-B59A-27552DF3031A}"
EndProject
Global
	GlobalSection(SolutionConfigurationPlatforms) = preSolution
		Debug|Any CPU = Debug|Any CPU
		Release|Any CPU = Release|Any CPU
	EndGlobalSection
	GlobalSection(ProjectConfigurationPlatforms) = postSolution
		{9808D10D-3012-4DCB-8BDC-3052B1174C58}.Debug|Any CPU.ActiveCfg = Debug|Any CPU
		{9808D10D-3012-4DCB-8BDC-3052B1174C58}.Debug|Any CPU.Build.0 = Debug|Any CPU
		{9808D10D-3012-4DCB-8BDC-3052B1174C58}.Release|Any CPU.ActiveCfg = Release|Any CPU
		{9808D10D-3012-4DCB-8BDC-3052B1174C58}.Release|Any CPU.Build.0 = Release|Any CPU
		{227BA3F7-8E37-44C4-83CD-23C30B62FCF0}.Debug|Any CPU.ActiveCfg = Debug|Any CPU
		{227BA3F7-8E37-44C4-83CD-23C30B62FCF0}.Debug|Any CPU.Build.0 = Debug|Any CPU
		{227BA3F7-8E37-44C4-83CD-23C30B62FCF0}.Release|Any CPU.ActiveCfg = Release|Any CPU
		{227BA3F7-8E37-44C4-83CD-23C30B62FCF0}.Release|Any CPU.Build.0 = Release|Any CPU
		{44367D09-188A-4125-A4BA-FD65DFB0885F}.Debug|Any CPU.ActiveCfg = Debug|Any CPU
		{44367D09-188A-4125-A4BA-FD65DFB0885F}.Debug|Any CPU.Build.0 = Debug|Any CPU
		{44367D09-188A-4125-A4BA-FD65DFB0885F}.Release|Any CPU.ActiveCfg = Release|Any CPU
		{44367D09-188A-4125-A4BA-FD65DFB0885F}.Release|Any CPU.Build.0 = Release|Any CPU
		{9168A4A3-CB53-4FF6-8E0C-75F06C1CE389}.Debug|Any CPU.ActiveCfg = Debug|Any CPU
		{9168A4A3-CB53-4FF6-8E0C-75F06C1CE389}.Debug|Any CPU.Build.0 = Debug|Any CPU
		{9168A4A3-CB53-4FF6-8E0C-75F06C1CE389}.Release|Any CPU.ActiveCfg = Release|Any CPU
		{9168A4A3-CB53-4FF6-8E0C-75F06C1CE389}.Release|Any CPU.Build.0 = Release|Any CPU
		{9FF6B35B-269D-4BBC-B1B0-EB7DF52E7B7C}.Debug|Any CPU.ActiveCfg = Debug|Any CPU
		{9FF6B35B-269D-4BBC-B1B0-EB7DF52E7B7C}.Debug|Any CPU.Build.0 = Debug|Any CPU
		{9FF6B35B-269D-4BBC-B1B0-EB7DF52E7B7C}.Release|Any CPU.ActiveCfg = Release|Any CPU
		{9FF6B35B-269D-4BBC-B1B0-EB7DF52E7B7C}.Release|Any CPU.Build.0 = Release|Any CPU
		{64A6D3D1-E502-4AE6-A990-7024BBF9272F}.Debug|Any CPU.ActiveCfg = Debug|Any CPU
		{64A6D3D1-E502-4AE6-A990-7024BBF9272F}.Debug|Any CPU.Build.0 = Debug|Any CPU
		{64A6D3D1-E502-4AE6-A990-7024BBF9272F}.Release|Any CPU.ActiveCfg = Release|Any CPU
		{64A6D3D1-E502-4AE6-A990-7024BBF9272F}.Release|Any CPU.Build.0 = Release|Any CPU
		{DE848E3E-8BB9-4DF7-84C0-73B37C17308A}.Debug|Any CPU.ActiveCfg = Debug|Any CPU
		{DE848E3E-8BB9-4DF7-84C0-73B37C17308A}.Debug|Any CPU.Build.0 = Debug|Any CPU
		{DE848E3E-8BB9-4DF7-84C0-73B37C17308A}.Release|Any CPU.ActiveCfg = Release|Any CPU
		{DE848E3E-8BB9-4DF7-84C0-73B37C17308A}.Release|Any CPU.Build.0 = Release|Any CPU
		{ACC1E5CA-20E9-419B-962F-AA76E0FA4C0F}.Debug|Any CPU.ActiveCfg = Debug|Any CPU
		{ACC1E5CA-20E9-419B-962F-AA76E0FA4C0F}.Debug|Any CPU.Build.0 = Debug|Any CPU
		{ACC1E5CA-20E9-419B-962F-AA76E0FA4C0F}.Release|Any CPU.ActiveCfg = Release|Any CPU
		{ACC1E5CA-20E9-419B-962F-AA76E0FA4C0F}.Release|Any CPU.Build.0 = Release|Any CPU
		{BCBBB1EA-D883-45B2-A324-D51C3D52B665}.Debug|Any CPU.ActiveCfg = Debug|Any CPU
		{BCBBB1EA-D883-45B2-A324-D51C3D52B665}.Debug|Any CPU.Build.0 = Debug|Any CPU
		{BCBBB1EA-D883-45B2-A324-D51C3D52B665}.Release|Any CPU.ActiveCfg = Release|Any CPU
		{BCBBB1EA-D883-45B2-A324-D51C3D52B665}.Release|Any CPU.Build.0 = Release|Any CPU
		{FE66371A-95A1-41E9-B59A-27552DF3031A}.Debug|Any CPU.ActiveCfg = Debug|Any CPU
		{FE66371A-95A1-41E9-B59A-27552DF3031A}.Debug|Any CPU.Build.0 = Debug|Any CPU
		{FE66371A-95A1-41E9-B59A-27552DF3031A}.Release|Any CPU.ActiveCfg = Release|Any CPU
		{FE66371A-95A1-41E9-B59A-27552DF3031A}.Release|Any CPU.Build.0 = Release|Any CPU
	EndGlobalSection
	GlobalSection(SolutionProperties) = preSolution
		HideSolutionNode = FALSE
	EndGlobalSection
	GlobalSection(ExtensibilityGlobals) = postSolution
		SolutionGuid = {4914D25C-CFC4-4A15-AC46-3BA48225755A}
	EndGlobalSection
EndGlobal
